
Microsoft Visual Studio Solution File, Format Version 12.00
# Visual Studio 15
VisualStudioVersion = 15.0.27004.2002
MinimumVisualStudioVersion = 15.0.26124.0
Project("{9A19103F-16F7-4668-BE54-9A1E7A4F7556}") = "TransmissionApp.Api", "src\TransmissionApp.Api\TransmissionApp.Api.csproj", "{0F368A23-9F95-477F-A5BF-612C2565FC6C}"
EndProject
Project("{9A19103F-16F7-4668-BE54-9A1E7A4F7556}") = "TransmissionApp.Api.Client", "src\TransmissionApp.Api.Client\TransmissionApp.Api.Client.csproj", "{34E59C63-7CDE-489F-8FC9-79B287CF00D7}"
EndProject
Project("{9A19103F-16F7-4668-BE54-9A1E7A4F7556}") = "TransmissionApp.Business.Logic", "src\TransmissionApp.Business.Logic\TransmissionApp.Business.Logic.csproj", "{84794CF0-4FBB-4AC0-833A-3FB3B73126B3}"
EndProject
Project("{9A19103F-16F7-4668-BE54-9A1E7A4F7556}") = "TransmissionApp.Web", "src\TransmissionApp.Web\TransmissionApp.Web.csproj", "{8DAD5841-2B60-4C87-8949-CD831BC37B94}"
EndProject
Project("{9A19103F-16F7-4668-BE54-9A1E7A4F7556}") = "TransmissionApp.Api.Client.Contracts", "src\TransmissionApp.Api.Client.Contracts\TransmissionApp.Api.Client.Contracts.csproj", "{C356BF60-8ABF-4941-BA63-ABA9F9DB37E1}"
EndProject
Global
	GlobalSection(SolutionConfigurationPlatforms) = preSolution
		Debug|Any CPU = Debug|Any CPU
		Debug|x64 = Debug|x64
		Debug|x86 = Debug|x86
		Release|Any CPU = Release|Any CPU
		Release|x64 = Release|x64
		Release|x86 = Release|x86
	EndGlobalSection
	GlobalSection(ProjectConfigurationPlatforms) = postSolution
		{0F368A23-9F95-477F-A5BF-612C2565FC6C}.Debug|Any CPU.ActiveCfg = Debug|Any CPU
		{0F368A23-9F95-477F-A5BF-612C2565FC6C}.Debug|Any CPU.Build.0 = Debug|Any CPU
		{0F368A23-9F95-477F-A5BF-612C2565FC6C}.Debug|x64.ActiveCfg = Debug|Any CPU
		{0F368A23-9F95-477F-A5BF-612C2565FC6C}.Debug|x64.Build.0 = Debug|Any CPU
		{0F368A23-9F95-477F-A5BF-612C2565FC6C}.Debug|x86.ActiveCfg = Debug|Any CPU
		{0F368A23-9F95-477F-A5BF-612C2565FC6C}.Debug|x86.Build.0 = Debug|Any CPU
		{0F368A23-9F95-477F-A5BF-612C2565FC6C}.Release|Any CPU.ActiveCfg = Release|Any CPU
		{0F368A23-9F95-477F-A5BF-612C2565FC6C}.Release|Any CPU.Build.0 = Release|Any CPU
		{0F368A23-9F95-477F-A5BF-612C2565FC6C}.Release|x64.ActiveCfg = Release|Any CPU
		{0F368A23-9F95-477F-A5BF-612C2565FC6C}.Release|x64.Build.0 = Release|Any CPU
		{0F368A23-9F95-477F-A5BF-612C2565FC6C}.Release|x86.ActiveCfg = Release|Any CPU
		{0F368A23-9F95-477F-A5BF-612C2565FC6C}.Release|x86.Build.0 = Release|Any CPU
		{34E59C63-7CDE-489F-8FC9-79B287CF00D7}.Debug|Any CPU.ActiveCfg = Debug|Any CPU
		{34E59C63-7CDE-489F-8FC9-79B287CF00D7}.Debug|Any CPU.Build.0 = Debug|Any CPU
		{34E59C63-7CDE-489F-8FC9-79B287CF00D7}.Debug|x64.ActiveCfg = Debug|Any CPU
		{34E59C63-7CDE-489F-8FC9-79B287CF00D7}.Debug|x64.Build.0 = Debug|Any CPU
		{34E59C63-7CDE-489F-8FC9-79B287CF00D7}.Debug|x86.ActiveCfg = Debug|Any CPU
		{34E59C63-7CDE-489F-8FC9-79B287CF00D7}.Debug|x86.Build.0 = Debug|Any CPU
		{34E59C63-7CDE-489F-8FC9-79B287CF00D7}.Release|Any CPU.ActiveCfg = Release|Any CPU
		{34E59C63-7CDE-489F-8FC9-79B287CF00D7}.Release|Any CPU.Build.0 = Release|Any CPU
		{34E59C63-7CDE-489F-8FC9-79B287CF00D7}.Release|x64.ActiveCfg = Release|Any CPU
		{34E59C63-7CDE-489F-8FC9-79B287CF00D7}.Release|x64.Build.0 = Release|Any CPU
		{34E59C63-7CDE-489F-8FC9-79B287CF00D7}.Release|x86.ActiveCfg = Release|Any CPU
		{34E59C63-7CDE-489F-8FC9-79B287CF00D7}.Release|x86.Build.0 = Release|Any CPU
		{84794CF0-4FBB-4AC0-833A-3FB3B73126B3}.Debug|Any CPU.ActiveCfg = Debug|Any CPU
		{84794CF0-4FBB-4AC0-833A-3FB3B73126B3}.Debug|Any CPU.Build.0 = Debug|Any CPU
		{84794CF0-4FBB-4AC0-833A-3FB3B73126B3}.Debug|x64.ActiveCfg = Debug|Any CPU
		{84794CF0-4FBB-4AC0-833A-3FB3B73126B3}.Debug|x64.Build.0 = Debug|Any CPU
		{84794CF0-4FBB-4AC0-833A-3FB3B73126B3}.Debug|x86.ActiveCfg = Debug|Any CPU
		{84794CF0-4FBB-4AC0-833A-3FB3B73126B3}.Debug|x86.Build.0 = Debug|Any CPU
		{84794CF0-4FBB-4AC0-833A-3FB3B73126B3}.Release|Any CPU.ActiveCfg = Release|Any CPU
		{84794CF0-4FBB-4AC0-833A-3FB3B73126B3}.Release|Any CPU.Build.0 = Release|Any CPU
		{84794CF0-4FBB-4AC0-833A-3FB3B73126B3}.Release|x64.ActiveCfg = Release|Any CPU
		{84794CF0-4FBB-4AC0-833A-3FB3B73126B3}.Release|x64.Build.0 = Release|Any CPU
		{84794CF0-4FBB-4AC0-833A-3FB3B73126B3}.Release|x86.ActiveCfg = Release|Any CPU
		{84794CF0-4FBB-4AC0-833A-3FB3B73126B3}.Release|x86.Build.0 = Release|Any CPU
		{8DAD5841-2B60-4C87-8949-CD831BC37B94}.Debug|Any CPU.ActiveCfg = Debug|Any CPU
		{8DAD5841-2B60-4C87-8949-CD831BC37B94}.Debug|Any CPU.Build.0 = Debug|Any CPU
		{8DAD5841-2B60-4C87-8949-CD831BC37B94}.Debug|x64.ActiveCfg = Debug|Any CPU
		{8DAD5841-2B60-4C87-8949-CD831BC37B94}.Debug|x64.Build.0 = Debug|Any CPU
		{8DAD5841-2B60-4C87-8949-CD831BC37B94}.Debug|x86.ActiveCfg = Debug|Any CPU
		{8DAD5841-2B60-4C87-8949-CD831BC37B94}.Debug|x86.Build.0 = Debug|Any CPU
		{8DAD5841-2B60-4C87-8949-CD831BC37B94}.Release|Any CPU.ActiveCfg = Release|Any CPU
		{8DAD5841-2B60-4C87-8949-CD831BC37B94}.Release|Any CPU.Build.0 = Release|Any CPU
		{8DAD5841-2B60-4C87-8949-CD831BC37B94}.Release|x64.ActiveCfg = Release|Any CPU
		{8DAD5841-2B60-4C87-8949-CD831BC37B94}.Release|x64.Build.0 = Release|Any CPU
		{8DAD5841-2B60-4C87-8949-CD831BC37B94}.Release|x86.ActiveCfg = Release|Any CPU
		{8DAD5841-2B60-4C87-8949-CD831BC37B94}.Release|x86.Build.0 = Release|Any CPU
		{C356BF60-8ABF-4941-BA63-ABA9F9DB37E1}.Debug|Any CPU.ActiveCfg = Debug|Any CPU
		{C356BF60-8ABF-4941-BA63-ABA9F9DB37E1}.Debug|Any CPU.Build.0 = Debug|Any CPU
		{C356BF60-8ABF-4941-BA63-ABA9F9DB37E1}.Debug|x64.ActiveCfg = Debug|Any CPU
		{C356BF60-8ABF-4941-BA63-ABA9F9DB37E1}.Debug|x64.Build.0 = Debug|Any CPU
		{C356BF60-8ABF-4941-BA63-ABA9F9DB37E1}.Debug|x86.ActiveCfg = Debug|Any CPU
		{C356BF60-8ABF-4941-BA63-ABA9F9DB37E1}.Debug|x86.Build.0 = Debug|Any CPU
		{C356BF60-8ABF-4941-BA63-ABA9F9DB37E1}.Release|Any CPU.ActiveCfg = Release|Any CPU
		{C356BF60-8ABF-4941-BA63-ABA9F9DB37E1}.Release|Any CPU.Build.0 = Release|Any CPU
		{C356BF60-8ABF-4941-BA63-ABA9F9DB37E1}.Release|x64.ActiveCfg = Release|Any CPU
		{C356BF60-8ABF-4941-BA63-ABA9F9DB37E1}.Release|x64.Build.0 = Release|Any CPU
		{C356BF60-8ABF-4941-BA63-ABA9F9DB37E1}.Release|x86.ActiveCfg = Release|Any CPU
		{C356BF60-8ABF-4941-BA63-ABA9F9DB37E1}.Release|x86.Build.0 = Release|Any CPU
	EndGlobalSection
	GlobalSection(SolutionProperties) = preSolution
		HideSolutionNode = FALSE
	EndGlobalSection
	GlobalSection(ExtensibilityGlobals) = postSolution
		SolutionGuid = {1ADBD04F-BD67-4AEE-9324-4DC11B693F5E}
	EndGlobalSection
EndGlobal
